
Microsoft Visual Studio Solution File, Format Version 12.00
# Visual Studio 15
VisualStudioVersion = 15.0.27004.2005
MinimumVisualStudioVersion = 10.0.40219.1
Project("{FAE04EC0-301F-11D3-BF4B-00C04F79EFBC}") = "FluentValidationPartialTest.Web", "FluentValidationPartialTest.Web\FluentValidationPartialTest.Web.csproj", "{80F9B304-2BA2-421C-BD59-46EF15BE4A27}"
EndProject
Global
	GlobalSection(SolutionConfigurationPlatforms) = preSolution
		Debug|Any CPU = Debug|Any CPU
		Release|Any CPU = Release|Any CPU
	EndGlobalSection
	GlobalSection(ProjectConfigurationPlatforms) = postSolution
		{80F9B304-2BA2-421C-BD59-46EF15BE4A27}.Debug|Any CPU.ActiveCfg = Debug|Any CPU
		{80F9B304-2BA2-421C-BD59-46EF15BE4A27}.Debug|Any CPU.Build.0 = Debug|Any CPU
		{80F9B304-2BA2-421C-BD59-46EF15BE4A27}.Release|Any CPU.ActiveCfg = Release|Any CPU
		{80F9B304-2BA2-421C-BD59-46EF15BE4A27}.Release|Any CPU.Build.0 = Release|Any CPU
	EndGlobalSection
	GlobalSection(SolutionProperties) = preSolution
		HideSolutionNode = FALSE
	EndGlobalSection
	GlobalSection(ExtensibilityGlobals) = postSolution
		SolutionGuid = {A4B24F47-8141-40A5-A40B-C59AE67CF298}
	EndGlobalSection
EndGlobal
